version = 1
revision = 3
requires-python = ">=3.12"

[[package]]
name = "filter"
version = "0.1.0"
source = { editable = "." }
dependencies = [
    { name = "pillow" },
]

[package.metadata]
requires-dist = [{ name = "pillow", specifier = "==10.2.0" }]

[[package]]
name = "pillow"
version = "10.2.0"
source = { registry = "https://pypi.org/simple" }
sdist = { url = "https://files.pythonhosted.org/packages/f8/3e/32cbd0129a28686621434cbf17bb64bf1458bfb838f1f668262fefce145c/pillow-10.2.0.tar.gz", hash = "sha256:e87f0b2c78157e12d7686b27d63c070fd65d994e8ddae6f328e0dcf4a0cd007e", size = 46212712, upload-time = "2024-01-02T09:16:59.702Z" }
wheels = [
    { url = "https://files.pythonhosted.org/packages/37/d5/2c00228ace73a7855a52053a92fdd6cea9b22393fbf3961125c11829dcd2/pillow-10.2.0-cp312-cp312-macosx_10_10_x86_64.whl", hash = "sha256:1b5e1b74d1bd1b78bc3477528919414874748dd363e6272efd5abf7654e68bef", size = 3517780, upload-time = "2024-01-02T09:15:41.495Z" },
    { url = "https://files.pythonhosted.org/packages/9d/a0/28756da34d6b58c3c5f6c1d5589e4e8f4e73472b55875524ae9d6e7e98fe/pillow-10.2.0-cp312-cp312-macosx_11_0_arm64.whl", hash = "sha256:0eae2073305f451d8ecacb5474997c08569fb4eb4ac231ffa4ad7d342fdc25ac", size = 3317920, upload-time = "2024-01-02T09:15:44.116Z" },
    { url = "https://files.pythonhosted.org/packages/ab/72/e6a8887c0ce6c94cd0b74fef495a81f4ea4c742242de4bc1943abbd21f92/pillow-10.2.0-cp312-cp312-manylinux_2_17_aarch64.manylinux2014_aarch64.whl", hash = "sha256:b7c2286c23cd350b80d2fc9d424fc797575fb16f854b831d16fd47ceec078f2c", size = 4308358, upload-time = "2024-01-02T09:33:09.603Z" },
    { url = "https://files.pythonhosted.org/packages/a8/2f/86cf1dc4b0530e4c3e96edd0338dcc4809c2622d9d45460029a71a831473/pillow-10.2.0-cp312-cp312-manylinux_2_17_x86_64.manylinux2014_x86_64.whl", hash = "sha256:1e23412b5c41e58cec602f1135c57dfcf15482013ce6e5f093a86db69646a5aa", size = 4422007, upload-time = "2024-01-02T09:15:46.355Z" },
    { url = "https://files.pythonhosted.org/packages/00/43/1ca3313b56ef623de0afebfe3d7a6e9c07e1a76c50ce191302018907b2b5/pillow-10.2.0-cp312-cp312-manylinux_2_28_aarch64.whl", hash = "sha256:52a50aa3fb3acb9cf7213573ef55d31d6eca37f5709c69e6858fe3bc04a5c2a2", size = 4333841, upload-time = "2024-01-02T09:33:14.842Z" },
    { url = "https://files.pythonhosted.org/packages/5c/c6/5b6b1f7362267494a423b45af684d604491565e81436e3ebeefee68f78fd/pillow-10.2.0-cp312-cp312-manylinux_2_28_x86_64.whl", hash = "sha256:127cee571038f252a552760076407f9cff79761c3d436a12af6000cd182a9d04", size = 4502101, upload-time = "2024-01-02T09:15:48.416Z" },
    { url = "https://files.pythonhosted.org/packages/e6/c5/37e72d74c248adf133a2dd56890cf8632e2e46562e5fa70414445bbd3ae6/pillow-10.2.0-cp312-cp312-musllinux_1_1_aarch64.whl", hash = "sha256:8d12251f02d69d8310b046e82572ed486685c38f02176bd08baf216746eb947f", size = 4542122, upload-time = "2024-01-02T09:33:19.012Z" },
    { url = "https://files.pythonhosted.org/packages/fa/93/79979b8ab99da2958bf6fef1be745c344c4e727f07d1429c49c015e21db2/pillow-10.2.0-cp312-cp312-musllinux_1_1_x86_64.whl", hash = "sha256:54f1852cd531aa981bc0965b7d609f5f6cc8ce8c41b1139f6ed6b3c54ab82bfb", size = 4611042, upload-time = "2024-01-02T09:15:50.616Z" },
    { url = "https://files.pythonhosted.org/packages/ce/a7/11a539c1e12dfb9d67c35e5d3d99c7a6853face9083e6483360f4d9cd1d8/pillow-10.2.0-cp312-cp312-win32.whl", hash = "sha256:257d8788df5ca62c980314053197f4d46eefedf4e6175bc9412f14412ec4ea2f", size = 2290438, upload-time = "2024-01-02T09:15:53.219Z" },
    { url = "https://files.pythonhosted.org/packages/51/07/7e9266a59bb267b56c1f432f6416653b9a78dda771c57740d064a8aa2a44/pillow-10.2.0-cp312-cp312-win_amd64.whl", hash = "sha256:154e939c5f0053a383de4fd3d3da48d9427a7e985f58af8e94d0b3c9fcfcf4f9", size = 2621845, upload-time = "2024-01-02T09:15:55.293Z" },
    { url = "https://files.pythonhosted.org/packages/a0/61/6cff8a8dbbac3d7fb7adb435b60737a7d0b0849f53e3af38f2c94d988da6/pillow-10.2.0-cp312-cp312-win_arm64.whl", hash = "sha256:f379abd2f1e3dddb2b61bc67977a6b5a0a3f7485538bcc6f39ec76163891ee48", size = 2229322, upload-time = "2024-01-02T09:15:57.475Z" },
]
